
Microsoft Visual Studio Solution File, Format Version 12.00
# Visual Studio 14
VisualStudioVersion = 14.0.23107.0
MinimumVisualStudioVersion = 10.0.40219.1
Project("{FAE04EC0-301F-11D3-BF4B-00C04F79EFBC}") = "Aufen.PortalReportes.Core", "Aufen.PortalReportes.Core\Aufen.PortalReportes.Core.csproj", "{BCDD28A0-E692-4175-9FEB-B3D9D78F4E43}"
EndProject
Project("{FAE04EC0-301F-11D3-BF4B-00C04F79EFBC}") = "Aufen.PortalReportes.Web", "Aufen.PortalReportes.Web\Aufen.PortalReportes.Web.csproj", "{6D6CF1F1-66BC-4C2C-A72E-D0E102047494}"
EndProject
Global
	GlobalSection(SolutionConfigurationPlatforms) = preSolution
		Debug|Any CPU = Debug|Any CPU
		Release|Any CPU = Release|Any CPU
	EndGlobalSection
	GlobalSection(ProjectConfigurationPlatforms) = postSolution
		{BCDD28A0-E692-4175-9FEB-B3D9D78F4E43}.Debug|Any CPU.ActiveCfg = Debug|Any CPU
		{BCDD28A0-E692-4175-9FEB-B3D9D78F4E43}.Debug|Any CPU.Build.0 = Debug|Any CPU
		{BCDD28A0-E692-4175-9FEB-B3D9D78F4E43}.Release|Any CPU.ActiveCfg = Release|Any CPU
		{BCDD28A0-E692-4175-9FEB-B3D9D78F4E43}.Release|Any CPU.Build.0 = Release|Any CPU
		{6D6CF1F1-66BC-4C2C-A72E-D0E102047494}.Debug|Any CPU.ActiveCfg = Debug|Any CPU
		{6D6CF1F1-66BC-4C2C-A72E-D0E102047494}.Debug|Any CPU.Build.0 = Debug|Any CPU
		{6D6CF1F1-66BC-4C2C-A72E-D0E102047494}.Release|Any CPU.ActiveCfg = Release|Any CPU
		{6D6CF1F1-66BC-4C2C-A72E-D0E102047494}.Release|Any CPU.Build.0 = Release|Any CPU
	EndGlobalSection
	GlobalSection(SolutionProperties) = preSolution
		HideSolutionNode = FALSE
	EndGlobalSection
EndGlobal
